
Microsoft Visual Studio Solution File, Format Version 12.00
# Visual Studio Version 16
VisualStudioVersion = 16.0.34407.143
MinimumVisualStudioVersion = 10.0.40219.1
Project("{FAE04EC0-301F-11D3-BF4B-00C04F79EFBC}") = "Laboratorio2", "Laboratorio2.csproj", "{4E627742-2FD0-4DE6-ABB8-A0DC1C8709E6}"
EndProject
Global
	GlobalSection(SolutionConfigurationPlatforms) = preSolution
		Debug|Any CPU = Debug|Any CPU
		Release|Any CPU = Release|Any CPU
	EndGlobalSection
	GlobalSection(ProjectConfigurationPlatforms) = postSolution
		{4E627742-2FD0-4DE6-ABB8-A0DC1C8709E6}.Debug|Any CPU.ActiveCfg = Debug|Any CPU
		{4E627742-2FD0-4DE6-ABB8-A0DC1C8709E6}.Debug|Any CPU.Build.0 = Debug|Any CPU
		{4E627742-2FD0-4DE6-ABB8-A0DC1C8709E6}.Release|Any CPU.ActiveCfg = Release|Any CPU
		{4E627742-2FD0-4DE6-ABB8-A0DC1C8709E6}.Release|Any CPU.Build.0 = Release|Any CPU
	EndGlobalSection
	GlobalSection(SolutionProperties) = preSolution
		HideSolutionNode = FALSE
	EndGlobalSection
	GlobalSection(ExtensibilityGlobals) = postSolution
		SolutionGuid = {CF5B7611-9852-4719-A936-47F8036DB048}
	EndGlobalSection
EndGlobal
